// !$*UTF8*$!
{
	archiveVersion = 1;
	classes = {
	};
	objectVersion = 56;
	objects = {

/* Begin PBXBuildFile section */
		2094C27D2A9A250100A32EEE /* MotivationCardsApp.swift in Sources */ = {isa = PBXBuildFile; fileRef = 2094C27C2A9A250100A32EEE /* MotivationCardsApp.swift */; };
		2094C27F2A9A250100A32EEE /* ContentView.swift in Sources */ = {isa = PBXBuildFile; fileRef = 2094C27E2A9A250100A32EEE /* ContentView.swift */; };
		2094C2812A9A250200A32EEE /* Assets.xcassets in Resources */ = {isa = PBXBuildFile; fileRef = 2094C2802A9A250200A32EEE /* Assets.xcassets */; };
		2094C2842A9A250200A32EEE /* Preview Assets.xcassets in Resources */ = {isa = PBXBuildFile; fileRef = 2094C2832A9A250200A32EEE /* Preview Assets.xcassets */; };
		2094C28E2A9A250300A32EEE /* MotivationCardsTests.swift in Sources */ = {isa = PBXBuildFile; fileRef = 2094C28D2A9A250300A32EEE /* MotivationCardsTests.swift */; };
		2094C2982A9A250300A32EEE /* MotivationCardsUITests.swift in Sources */ = {isa = PBXBuildFile; fileRef = 2094C2972A9A250300A32EEE /* MotivationCardsUITests.swift */; };
		2094C29A2A9A250300A32EEE /* MotivationCardsUITestsLaunchTests.swift in Sources */ = {isa = PBXBuildFile; fileRef = 2094C2992A9A250300A32EEE /* MotivationCardsUITestsLaunchTests.swift */; };
/* End PBXBuildFile section */

/* Begin PBXContainerItemProxy section */
		2094C28A2A9A250300A32EEE /* PBXContainerItemProxy */ = {
			isa = PBXContainerItemProxy;
			containerPortal = 2094C2712A9A250100A32EEE /* Project object */;
			proxyType = 1;
			remoteGlobalIDString = 2094C2782A9A250100A32EEE;
			remoteInfo = MotivationCards;
		};
		2094C2942A9A250300A32EEE /* PBXContainerItemProxy */ = {
			isa = PBXContainerItemProxy;
			containerPortal = 2094C2712A9A250100A32EEE /* Project object */;
			proxyType = 1;
			remoteGlobalIDString = 2094C2782A9A250100A32EEE;
			remoteInfo = MotivationCards;
		};
/* End PBXContainerItemProxy section */

/* Begin PBXFileReference section */
		2094C2792A9A250100A32EEE /* MotivationCards.app */ = {isa = PBXFileReference; explicitFileType = wrapper.application; includeInIndex = 0; path = MotivationCards.app; sourceTree = BUILT_PRODUCTS_DIR; };
		2094C27C2A9A250100A32EEE /* MotivationCardsApp.swift */ = {isa = PBXFileReference; lastKnownFileType = sourcecode.swift; path = MotivationCardsApp.swift; sourceTree = "<group>"; };
		2094C27E2A9A250100A32EEE /* ContentView.swift */ = {isa = PBXFileReference; lastKnownFileType = sourcecode.swift; path = ContentView.swift; sourceTree = "<group>"; };
		2094C2802A9A250200A32EEE /* Assets.xcassets */ = {isa = PBXFileReference; lastKnownFileType = folder.assetcatalog; path = Assets.xcassets; sourceTree = "<group>"; };
		2094C2832A9A250200A32EEE /* Preview Assets.xcassets */ = {isa = PBXFileReference; lastKnownFileType = folder.assetcatalog; path = "Preview Assets.xcassets"; sourceTree = "<group>"; };
		2094C2892A9A250300A32EEE /* MotivationCardsTests.xctest */ = {isa = PBXFileReference; explicitFileType = wrapper.cfbundle; includeInIndex = 0; path = MotivationCardsTests.xctest; sourceTree = BUILT_PRODUCTS_DIR; };
		2094C28D2A9A250300A32EEE /* MotivationCardsTests.swift */ = {isa = PBXFileReference; lastKnownFileType = sourcecode.swift; path = MotivationCardsTests.swift; sourceTree = "<group>"; };
		2094C2932A9A250300A32EEE /* MotivationCardsUITests.xctest */ = {isa = PBXFileReference; explicitFileType = wrapper.cfbundle; includeInIndex = 0; path = MotivationCardsUITests.xctest; sourceTree = BUILT_PRODUCTS_DIR; };
		2094C2972A9A250300A32EEE /* MotivationCardsUITests.swift */ = {isa = PBXFileReference; lastKnownFileType = sourcecode.swift; path = MotivationCardsUITests.swift; sourceTree = "<group>"; };
		2094C2992A9A250300A32EEE /* MotivationCardsUITestsLaunchTests.swift */ = {isa = PBXFileReference; lastKnownFileType = sourcecode.swift; path = MotivationCardsUITestsLaunchTests.swift; sourceTree = "<group>"; };
/* End PBXFileReference section */

/* Begin PBXFrameworksBuildPhase section */
		2094C2762A9A250100A32EEE /* Frameworks */ = {
			isa = PBXFrameworksBuildPhase;
			buildActionMask = 2147483647;
			files = (
			);
			runOnlyForDeploymentPostprocessing = 0;
		};
		2094C2862A9A250300A32EEE /* Frameworks */ = {
			isa = PBXFrameworksBuildPhase;
			buildActionMask = 2147483647;
			files = (
			);
			runOnlyForDeploymentPostprocessing = 0;
		};
		2094C2902A9A250300A32EEE /* Frameworks */ = {
			isa = PBXFrameworksBuildPhase;
			buildActionMask = 2147483647;
			files = (
			);
			runOnlyForDeploymentPostprocessing = 0;
		};
/* End PBXFrameworksBuildPhase section */

/* Begin PBXGroup section */
		2094C2702A9A250100A32EEE = {
			isa = PBXGroup;
			children = (
				2094C27B2A9A250100A32EEE /* MotivationCards */,
				2094C28C2A9A250300A32EEE /* MotivationCardsTests */,
				2094C2962A9A250300A32EEE /* MotivationCardsUITests */,
				2094C27A2A9A250100A32EEE /* Products */,
			);
			sourceTree = "<group>";
		};
		2094C27A2A9A250100A32EEE /* Products */ = {
			isa = PBXGroup;
			children = (
				2094C2792A9A250100A32EEE /* MotivationCards.app */,
				2094C2892A9A250300A32EEE /* MotivationCardsTests.xctest */,
				2094C2932A9A250300A32EEE /* MotivationCardsUITests.xctest */,
			);
			name = Products;
			sourceTree = "<group>";
		};
		2094C27B2A9A250100A32EEE /* MotivationCards */ = {
			isa = PBXGroup;
			children = (
				2094C27C2A9A250100A32EEE /* MotivationCardsApp.swift */,
				2094C27E2A9A250100A32EEE /* ContentView.swift */,
				2094C2802A9A250200A32EEE /* Assets.xcassets */,
				2094C2822A9A250200A32EEE /* Preview Content */,
			);
			path = MotivationCards;
			sourceTree = "<group>";
		};
		2094C2822A9A250200A32EEE /* Preview Content */ = {
			isa = PBXGroup;
			children = (
				2094C2832A9A250200A32EEE /* Preview Assets.xcassets */,
			);
			path = "Preview Content";
			sourceTree = "<group>";
		};
		2094C28C2A9A250300A32EEE /* MotivationCardsTests */ = {
			isa = PBXGroup;
			children = (
				2094C28D2A9A250300A32EEE /* MotivationCardsTests.swift */,
			);
			path = MotivationCardsTests;
			sourceTree = "<group>";
		};
		2094C2962A9A250300A32EEE /* MotivationCardsUITests */ = {
			isa = PBXGroup;
			children = (
				2094C2972A9A250300A32EEE /* MotivationCardsUITests.swift */,
				2094C2992A9A250300A32EEE /* MotivationCardsUITestsLaunchTests.swift */,
			);
			path = MotivationCardsUITests;
			sourceTree = "<group>";
		};
/* End PBXGroup section */

/* Begin PBXNativeTarget section */
		2094C2782A9A250100A32EEE /* MotivationCards */ = {
			isa = PBXNativeTarget;
			buildConfigurationList = 2094C29D2A9A250300A32EEE /* Build configuration list for PBXNativeTarget "MotivationCards" */;
			buildPhases = (
				2094C2752A9A250100A32EEE /* Sources */,
				2094C2762A9A250100A32EEE /* Frameworks */,
				2094C2772A9A250100A32EEE /* Resources */,
			);
			buildRules = (
			);
			dependencies = (
			);
			name = MotivationCards;
			productName = MotivationCards;
			productReference = 2094C2792A9A250100A32EEE /* MotivationCards.app */;
			productType = "com.apple.product-type.application";
		};
		2094C2882A9A250300A32EEE /* MotivationCardsTests */ = {
			isa = PBXNativeTarget;
			buildConfigurationList = 2094C2A02A9A250300A32EEE /* Build configuration list for PBXNativeTarget "MotivationCardsTests" */;
			buildPhases = (
				2094C2852A9A250300A32EEE /* Sources */,
				2094C2862A9A250300A32EEE /* Frameworks */,
				2094C2872A9A250300A32EEE /* Resources */,
			);
			buildRules = (
			);
			dependencies = (
				2094C28B2A9A250300A32EEE /* PBXTargetDependency */,
			);
			name = MotivationCardsTests;
			productName = MotivationCardsTests;
			productReference = 2094C2892A9A250300A32EEE /* MotivationCardsTests.xctest */;
			productType = "com.apple.product-type.bundle.unit-test";
		};
		2094C2922A9A250300A32EEE /* MotivationCardsUITests */ = {
			isa = PBXNativeTarget;
			buildConfigurationList = 2094C2A32A9A250300A32EEE /* Build configuration list for PBXNativeTarget "MotivationCardsUITests" */;
			buildPhases = (
				2094C28F2A9A250300A32EEE /* Sources */,
				2094C2902A9A250300A32EEE /* Frameworks */,
				2094C2912A9A250300A32EEE /* Resources */,
			);
			buildRules = (
			);
			dependencies = (
				2094C2952A9A250300A32EEE /* PBXTargetDependency */,
			);
			name = MotivationCardsUITests;
			productName = MotivationCardsUITests;
			productReference = 2094C2932A9A250300A32EEE /* MotivationCardsUITests.xctest */;
			productType = "com.apple.product-type.bundle.ui-testing";
		};
/* End PBXNativeTarget section */

/* Begin PBXProject section */
		2094C2712A9A250100A32EEE /* Project object */ = {
			isa = PBXProject;
			attributes = {
				BuildIndependentTargetsInParallel = 1;
				LastSwiftUpdateCheck = 1430;
				LastUpgradeCheck = 1430;
				TargetAttributes = {
					2094C2782A9A250100A32EEE = {
						CreatedOnToolsVersion = 14.3.1;
					};
					2094C2882A9A250300A32EEE = {
						CreatedOnToolsVersion = 14.3.1;
						TestTargetID = 2094C2782A9A250100A32EEE;
					};
					2094C2922A9A250300A32EEE = {
						CreatedOnToolsVersion = 14.3.1;
						TestTargetID = 2094C2782A9A250100A32EEE;
					};
				};
			};
			buildConfigurationList = 2094C2742A9A250100A32EEE /* Build configuration list for PBXProject "MotivationCards" */;
			compatibilityVersion = "Xcode 14.0";
			developmentRegion = en;
			hasScannedForEncodings = 0;
			knownRegions = (
				en,
				Base,
			);
			mainGroup = 2094C2702A9A250100A32EEE;
			productRefGroup = 2094C27A2A9A250100A32EEE /* Products */;
			projectDirPath = "";
			projectRoot = "";
			targets = (
				2094C2782A9A250100A32EEE /* MotivationCards */,
				2094C2882A9A250300A32EEE /* MotivationCardsTests */,
				2094C2922A9A250300A32EEE /* MotivationCardsUITests */,
			);
		};
/* End PBXProject section */

/* Begin PBXResourcesBuildPhase section */
		2094C2772A9A250100A32EEE /* Resources */ = {
			isa = PBXResourcesBuildPhase;
			buildActionMask = 2147483647;
			files = (
				2094C2842A9A250200A32EEE /* Preview Assets.xcassets in Resources */,
				2094C2812A9A250200A32EEE /* Assets.xcassets in Resources */,
			);
			runOnlyForDeploymentPostprocessing = 0;
		};
		2094C2872A9A250300A32EEE /* Resources */ = {
			isa = PBXResourcesBuildPhase;
			buildActionMask = 2147483647;
			files = (
			);
			runOnlyForDeploymentPostprocessing = 0;
		};
		2094C2912A9A250300A32EEE /* Resources */ = {
			isa = PBXResourcesBuildPhase;
			buildActionMask = 2147483647;
			files = (
			);
			runOnlyForDeploymentPostprocessing = 0;
		};
/* End PBXResourcesBuildPhase section */

/* Begin PBXSourcesBuildPhase section */
		2094C2752A9A250100A32EEE /* Sources */ = {
			isa = PBXSourcesBuildPhase;
			buildActionMask = 2147483647;
			files = (
				2094C27F2A9A250100A32EEE /* ContentView.swift in Sources */,
				2094C27D2A9A250100A32EEE /* MotivationCardsApp.swift in Sources */,
			);
			runOnlyForDeploymentPostprocessing = 0;
		};
		2094C2852A9A250300A32EEE /* Sources */ = {
			isa = PBXSourcesBuildPhase;
			buildActionMask = 2147483647;
			files = (
				2094C28E2A9A250300A32EEE /* MotivationCardsTests.swift in Sources */,
			);
			runOnlyForDeploymentPostprocessing = 0;
		};
		2094C28F2A9A250300A32EEE /* Sources */ = {
			isa = PBXSourcesBuildPhase;
			buildActionMask = 2147483647;
			files = (
				2094C29A2A9A250300A32EEE /* MotivationCardsUITestsLaunchTests.swift in Sources */,
				2094C2982A9A250300A32EEE /* MotivationCardsUITests.swift in Sources */,
			);
			runOnlyForDeploymentPostprocessing = 0;
		};
/* End PBXSourcesBuildPhase section */

/* Begin PBXTargetDependency section */
		2094C28B2A9A250300A32EEE /* PBXTargetDependency */ = {
			isa = PBXTargetDependency;
			target = 2094C2782A9A250100A32EEE /* MotivationCards */;
			targetProxy = 2094C28A2A9A250300A32EEE /* PBXContainerItemProxy */;
		};
		2094C2952A9A250300A32EEE /* PBXTargetDependency */ = {
			isa = PBXTargetDependency;
			target = 2094C2782A9A250100A32EEE /* MotivationCards */;
			targetProxy = 2094C2942A9A250300A32EEE /* PBXContainerItemProxy */;
		};
/* End PBXTargetDependency section */

/* Begin XCBuildConfiguration section */
		2094C29B2A9A250300A32EEE /* Debug */ = {
			isa = XCBuildConfiguration;
			buildSettings = {
				ALWAYS_SEARCH_USER_PATHS = NO;
				CLANG_ANALYZER_NONNULL = YES;
				CLANG_ANALYZER_NUMBER_OBJECT_CONVERSION = YES_AGGRESSIVE;
				CLANG_CXX_LANGUAGE_STANDARD = "gnu++20";
				CLANG_ENABLE_MODULES = YES;
				CLANG_ENABLE_OBJC_ARC = YES;
				CLANG_ENABLE_OBJC_WEAK = YES;
				CLANG_WARN_BLOCK_CAPTURE_AUTORELEASING = YES;
				CLANG_WARN_BOOL_CONVERSION = YES;
				CLANG_WARN_COMMA = YES;
				CLANG_WARN_CONSTANT_CONVERSION = YES;
				CLANG_WARN_DEPRECATED_OBJC_IMPLEMENTATIONS = YES;
				CLANG_WARN_DIRECT_OBJC_ISA_USAGE = YES_ERROR;
				CLANG_WARN_DOCUMENTATION_COMMENTS = YES;
				CLANG_WARN_EMPTY_BODY = YES;
				CLANG_WARN_ENUM_CONVERSION = YES;
				CLANG_WARN_INFINITE_RECURSION = YES;
				CLANG_WARN_INT_CONVERSION = YES;
				CLANG_WARN_NON_LITERAL_NULL_CONVERSION = YES;
				CLANG_WARN_OBJC_IMPLICIT_RETAIN_SELF = YES;
				CLANG_WARN_OBJC_LITERAL_CONVERSION = YES;
				CLANG_WARN_OBJC_ROOT_CLASS = YES_ERROR;
				CLANG_WARN_QUOTED_INCLUDE_IN_FRAMEWORK_HEADER = YES;
				CLANG_WARN_RANGE_LOOP_ANALYSIS = YES;
				CLANG_WARN_STRICT_PROTOTYPES = YES;
				CLANG_WARN_SUSPICIOUS_MOVE = YES;
				CLANG_WARN_UNGUARDED_AVAILABILITY = YES_AGGRESSIVE;
				CLANG_WARN_UNREACHABLE_CODE = YES;
				CLANG_WARN__DUPLICATE_METHOD_MATCH = YES;
				COPY_PHASE_STRIP = NO;
				DEBUG_INFORMATION_FORMAT = dwarf;
				ENABLE_STRICT_OBJC_MSGSEND = YES;
				ENABLE_TESTABILITY = YES;
				GCC_C_LANGUAGE_STANDARD = gnu11;
				GCC_DYNAMIC_NO_PIC = NO;
				GCC_NO_COMMON_BLOCKS = YES;
				GCC_OPTIMIZATION_LEVEL = 0;
				GCC_PREPROCESSOR_DEFINITIONS = (
					"DEBUG=1",
					"$(inherited)",
				);
				GCC_WARN_64_TO_32_BIT_CONVERSION = YES;
				GCC_WARN_ABOUT_RETURN_TYPE = YES_ERROR;
				GCC_WARN_UNDECLARED_SELECTOR = YES;
				GCC_WARN_UNINITIALIZED_AUTOS = YES_AGGRESSIVE;
				GCC_WARN_UNUSED_FUNCTION = YES;
				GCC_WARN_UNUSED_VARIABLE = YES;
				IPHONEOS_DEPLOYMENT_TARGET = 16.4;
				MTL_ENABLE_DEBUG_INFO = INCLUDE_SOURCE;
				MTL_FAST_MATH = YES;
				ONLY_ACTIVE_ARCH = YES;
				SDKROOT = iphoneos;
				SWIFT_ACTIVE_COMPILATION_CONDITIONS = DEBUG;
				SWIFT_OPTIMIZATION_LEVEL = "-Onone";
			};
			name = Debug;
		};
		2094C29C2A9A250300A32EEE /* Release */ = {
			isa = XCBuildConfiguration;
			buildSettings = {
				ALWAYS_SEARCH_USER_PATHS = NO;
				CLANG_ANALYZER_NONNULL = YES;
				CLANG_ANALYZER_NUMBER_OBJECT_CONVERSION = YES_AGGRESSIVE;
				CLANG_CXX_LANGUAGE_STANDARD = "gnu++20";
				CLANG_ENABLE_MODULES = YES;
				CLANG_ENABLE_OBJC_ARC = YES;
				CLANG_ENABLE_OBJC_WEAK = YES;
				CLANG_WARN_BLOCK_CAPTURE_AUTORELEASING = YES;
				CLANG_WARN_BOOL_CONVERSION = YES;
				CLANG_WARN_COMMA = YES;
				CLANG_WARN_CONSTANT_CONVERSION = YES;
				CLANG_WARN_DEPRECATED_OBJC_IMPLEMENTATIONS = YES;
				CLANG_WARN_DIRECT_OBJC_ISA_USAGE = YES_ERROR;
				CLANG_WARN_DOCUMENTATION_COMMENTS = YES;
				CLANG_WARN_EMPTY_BODY = YES;
				CLANG_WARN_ENUM_CONVERSION = YES;
				CLANG_WARN_INFINITE_RECURSION = YES;
				CLANG_WARN_INT_CONVERSION = YES;
				CLANG_WARN_NON_LITERAL_NULL_CONVERSION = YES;
				CLANG_WARN_OBJC_IMPLICIT_RETAIN_SELF = YES;
				CLANG_WARN_OBJC_LITERAL_CONVERSION = YES;
				CLANG_WARN_OBJC_ROOT_CLASS = YES_ERROR;
				CLANG_WARN_QUOTED_INCLUDE_IN_FRAMEWORK_HEADER = YES;
				CLANG_WARN_RANGE_LOOP_ANALYSIS = YES;
				CLANG_WARN_STRICT_PROTOTYPES = YES;
				CLANG_WARN_SUSPICIOUS_MOVE = YES;
				CLANG_WARN_UNGUARDED_AVAILABILITY = YES_AGGRESSIVE;
				CLANG_WARN_UNREACHABLE_CODE = YES;
				CLANG_WARN__DUPLICATE_METHOD_MATCH = YES;
				COPY_PHASE_STRIP = NO;
				DEBUG_INFORMATION_FORMAT = "dwarf-with-dsym";
				ENABLE_NS_ASSERTIONS = NO;
				ENABLE_STRICT_OBJC_MSGSEND = YES;
				GCC_C_LANGUAGE_STANDARD = gnu11;
				GCC_NO_COMMON_BLOCKS = YES;
				GCC_WARN_64_TO_32_BIT_CONVERSION = YES;
				GCC_WARN_ABOUT_RETURN_TYPE = YES_ERROR;
				GCC_WARN_UNDECLARED_SELECTOR = YES;
				GCC_WARN_UNINITIALIZED_AUTOS = YES_AGGRESSIVE;
				GCC_WARN_UNUSED_FUNCTION = YES;
				GCC_WARN_UNUSED_VARIABLE = YES;
				IPHONEOS_DEPLOYMENT_TARGET = 16.4;
				MTL_ENABLE_DEBUG_INFO = NO;
				MTL_FAST_MATH = YES;
				SDKROOT = iphoneos;
				SWIFT_COMPILATION_MODE = wholemodule;
				SWIFT_OPTIMIZATION_LEVEL = "-O";
				VALIDATE_PRODUCT = YES;
			};
			name = Release;
		};
		2094C29E2A9A250300A32EEE /* Debug */ = {
			isa = XCBuildConfiguration;
			buildSettings = {
				ASSETCATALOG_COMPILER_APPICON_NAME = AppIcon;
				ASSETCATALOG_COMPILER_GLOBAL_ACCENT_COLOR_NAME = AccentColor;
				CODE_SIGN_STYLE = Automatic;
				CURRENT_PROJECT_VERSION = 1;
				DEVELOPMENT_ASSET_PATHS = "\"MotivationCards/Preview Content\"";
				DEVELOPMENT_TEAM = 6LP5U8F7VW;
				ENABLE_PREVIEWS = YES;
				GENERATE_INFOPLIST_FILE = YES;
				INFOPLIST_KEY_UIApplicationSceneManifest_Generation = YES;
				INFOPLIST_KEY_UIApplicationSupportsIndirectInputEvents = YES;
				INFOPLIST_KEY_UILaunchScreen_Generation = YES;
				INFOPLIST_KEY_UISupportedInterfaceOrientations_iPad = "UIInterfaceOrientationPortrait UIInterfaceOrientationPortraitUpsideDown UIInterfaceOrientationLandscapeLeft UIInterfaceOrientationLandscapeRight";
				INFOPLIST_KEY_UISupportedInterfaceOrientations_iPhone = "UIInterfaceOrientationPortrait UIInterfaceOrientationLandscapeLeft UIInterfaceOrientationLandscapeRight";
				LD_RUNPATH_SEARCH_PATHS = (
					"$(inherited)",
					"@executable_path/Frameworks",
				);
				MARKETING_VERSION = 1.0;
				PRODUCT_BUNDLE_IDENTIFIER = com.kingoapps.MotivationCards;
				PRODUCT_NAME = "$(TARGET_NAME)";
				SWIFT_EMIT_LOC_STRINGS = YES;
				SWIFT_VERSION = 5.0;
				TARGETED_DEVICE_FAMILY = "1,2";
			};
			name = Debug;
		};
		2094C29F2A9A250300A32EEE /* Release */ = {
			isa = XCBuildConfiguration;
			buildSettings = {
				ASSETCATALOG_COMPILER_APPICON_NAME = AppIcon;
				ASSETCATALOG_COMPILER_GLOBAL_ACCENT_COLOR_NAME = AccentColor;
				CODE_SIGN_STYLE = Automatic;
				CURRENT_PROJECT_VERSION = 1;
				DEVELOPMENT_ASSET_PATHS = "\"MotivationCards/Preview Content\"";
				DEVELOPMENT_TEAM = 6LP5U8F7VW;
				ENABLE_PREVIEWS = YES;
				GENERATE_INFOPLIST_FILE = YES;
				INFOPLIST_KEY_UIApplicationSceneManifest_Generation = YES;
				INFOPLIST_KEY_UIApplicationSupportsIndirectInputEvents = YES;
				INFOPLIST_KEY_UILaunchScreen_Generation = YES;
				INFOPLIST_KEY_UISupportedInterfaceOrientations_iPad = "UIInterfaceOrientationPortrait UIInterfaceOrientationPortraitUpsideDown UIInterfaceOrientationLandscapeLeft UIInterfaceOrientationLandscapeRight";
				INFOPLIST_KEY_UISupportedInterfaceOrientations_iPhone = "UIInterfaceOrientationPortrait UIInterfaceOrientationLandscapeLeft UIInterfaceOrientationLandscapeRight";
				LD_RUNPATH_SEARCH_PATHS = (
					"$(inherited)",
					"@executable_path/Frameworks",
				);
				MARKETING_VERSION = 1.0;
				PRODUCT_BUNDLE_IDENTIFIER = com.kingoapps.MotivationCards;
				PRODUCT_NAME = "$(TARGET_NAME)";
				SWIFT_EMIT_LOC_STRINGS = YES;
				SWIFT_VERSION = 5.0;
				TARGETED_DEVICE_FAMILY = "1,2";
			};
			name = Release;
		};
		2094C2A12A9A250300A32EEE /* Debug */ = {
			isa = XCBuildConfiguration;
			buildSettings = {
				ALWAYS_EMBED_SWIFT_STANDARD_LIBRARIES = YES;
				BUNDLE_LOADER = "$(TEST_HOST)";
				CODE_SIGN_STYLE = Automatic;
				CURRENT_PROJECT_VERSION = 1;
				DEVELOPMENT_TEAM = 6LP5U8F7VW;
				GENERATE_INFOPLIST_FILE = YES;
				IPHONEOS_DEPLOYMENT_TARGET = 16.4;
				MARKETING_VERSION = 1.0;
				PRODUCT_BUNDLE_IDENTIFIER = com.kingoapps.MotivationCardsTests;
				PRODUCT_NAME = "$(TARGET_NAME)";
				SWIFT_EMIT_LOC_STRINGS = NO;
				SWIFT_VERSION = 5.0;
				TARGETED_DEVICE_FAMILY = "1,2";
				TEST_HOST = "$(BUILT_PRODUCTS_DIR)/MotivationCards.app/$(BUNDLE_EXECUTABLE_FOLDER_PATH)/MotivationCards";
			};
			name = Debug;
		};
		2094C2A22A9A250300A32EEE /* Release */ = {
			isa = XCBuildConfiguration;
			buildSettings = {
				ALWAYS_EMBED_SWIFT_STANDARD_LIBRARIES = YES;
				BUNDLE_LOADER = "$(TEST_HOST)";
				CODE_SIGN_STYLE = Automatic;
				CURRENT_PROJECT_VERSION = 1;
				DEVELOPMENT_TEAM = 6LP5U8F7VW;
				GENERATE_INFOPLIST_FILE = YES;
				IPHONEOS_DEPLOYMENT_TARGET = 16.4;
				MARKETING_VERSION = 1.0;
				PRODUCT_BUNDLE_IDENTIFIER = com.kingoapps.MotivationCardsTests;
				PRODUCT_NAME = "$(TARGET_NAME)";
				SWIFT_EMIT_LOC_STRINGS = NO;
				SWIFT_VERSION = 5.0;
				TARGETED_DEVICE_FAMILY = "1,2";
				TEST_HOST = "$(BUILT_PRODUCTS_DIR)/MotivationCards.app/$(BUNDLE_EXECUTABLE_FOLDER_PATH)/MotivationCards";
			};
			name = Release;
		};
		2094C2A42A9A250300A32EEE /* Debug */ = {
			isa = XCBuildConfiguration;
			buildSettings = {
				ALWAYS_EMBED_SWIFT_STANDARD_LIBRARIES = YES;
				CODE_SIGN_STYLE = Automatic;
				CURRENT_PROJECT_VERSION = 1;
				DEVELOPMENT_TEAM = 6LP5U8F7VW;
				GENERATE_INFOPLIST_FILE = YES;
				MARKETING_VERSION = 1.0;
				PRODUCT_BUNDLE_IDENTIFIER = com.kingoapps.MotivationCardsUITests;
				PRODUCT_NAME = "$(TARGET_NAME)";
				SWIFT_EMIT_LOC_STRINGS = NO;
				SWIFT_VERSION = 5.0;
				TARGETED_DEVICE_FAMILY = "1,2";
				TEST_TARGET_NAME = MotivationCards;
			};
			name = Debug;
		};
		2094C2A52A9A250300A32EEE /* Release */ = {
			isa = XCBuildConfiguration;
			buildSettings = {
				ALWAYS_EMBED_SWIFT_STANDARD_LIBRARIES = YES;
				CODE_SIGN_STYLE = Automatic;
				CURRENT_PROJECT_VERSION = 1;
				DEVELOPMENT_TEAM = 6LP5U8F7VW;
				GENERATE_INFOPLIST_FILE = YES;
				MARKETING_VERSION = 1.0;
				PRODUCT_BUNDLE_IDENTIFIER = com.kingoapps.MotivationCardsUITests;
				PRODUCT_NAME = "$(TARGET_NAME)";
				SWIFT_EMIT_LOC_STRINGS = NO;
				SWIFT_VERSION = 5.0;
				TARGETED_DEVICE_FAMILY = "1,2";
				TEST_TARGET_NAME = MotivationCards;
			};
			name = Release;
		};
/* End XCBuildConfiguration section */

/* Begin XCConfigurationList section */
		2094C2742A9A250100A32EEE /* Build configuration list for PBXProject "MotivationCards" */ = {
			isa = XCConfigurationList;
			buildConfigurations = (
				2094C29B2A9A250300A32EEE /* Debug */,
				2094C29C2A9A250300A32EEE /* Release */,
			);
			defaultConfigurationIsVisible = 0;
			defaultConfigurationName = Release;
		};
		2094C29D2A9A250300A32EEE /* Build configuration list for PBXNativeTarget "MotivationCards" */ = {
			isa = XCConfigurationList;
			buildConfigurations = (
				2094C29E2A9A250300A32EEE /* Debug */,
				2094C29F2A9A250300A32EEE /* Release */,
			);
			defaultConfigurationIsVisible = 0;
			defaultConfigurationName = Release;
		};
		2094C2A02A9A250300A32EEE /* Build configuration list for PBXNativeTarget "MotivationCardsTests" */ = {
			isa = XCConfigurationList;
			buildConfigurations = (
				2094C2A12A9A250300A32EEE /* Debug */,
				2094C2A22A9A250300A32EEE /* Release */,
			);
			defaultConfigurationIsVisible = 0;
			defaultConfigurationName = Release;
		};
		2094C2A32A9A250300A32EEE /* Build configuration list for PBXNativeTarget "MotivationCardsUITests" */ = {
			isa = XCConfigurationList;
			buildConfigurations = (
				2094C2A42A9A250300A32EEE /* Debug */,
				2094C2A52A9A250300A32EEE /* Release */,
			);
			defaultConfigurationIsVisible = 0;
			defaultConfigurationName = Release;
		};
/* End XCConfigurationList section */
	};
	rootObject = 2094C2712A9A250100A32EEE /* Project object */;
}
