// !$*UTF8*$!
{
	archiveVersion = 1;
	classes = {
	};
	objectVersion = 56;
	objects = {

/* Begin PBXBuildFile section */
		20A238442ACFDE1E00CDB2AB /* CategoryElementsView.swift in Sources */ = {isa = PBXBuildFile; fileRef = 20A238432ACFDE1E00CDB2AB /* CategoryElementsView.swift */; };
		20BADEEE2AD0010700E818C7 /* CategoryElementsModel.swift in Sources */ = {isa = PBXBuildFile; fileRef = 20BADEED2AD0010700E818C7 /* CategoryElementsModel.swift */; };
		20C6AA502ACE02800011DA8E /* QuoteModel.swift in Sources */ = {isa = PBXBuildFile; fileRef = 20C6AA4F2ACE02800011DA8E /* QuoteModel.swift */; };
		20C6AA522ACE031E0011DA8E /* QuoteMainCatalogView.swift in Sources */ = {isa = PBXBuildFile; fileRef = 20C6AA512ACE031E0011DA8E /* QuoteMainCatalogView.swift */; };
		20F8D44D2ABB5645006174F6 /* Quotes_iOSApp.swift in Sources */ = {isa = PBXBuildFile; fileRef = 20F8D44C2ABB5645006174F6 /* Quotes_iOSApp.swift */; };
		20F8D44F2ABB5645006174F6 /* ContentView.swift in Sources */ = {isa = PBXBuildFile; fileRef = 20F8D44E2ABB5645006174F6 /* ContentView.swift */; };
		20F8D4512ABB5646006174F6 /* Assets.xcassets in Resources */ = {isa = PBXBuildFile; fileRef = 20F8D4502ABB5646006174F6 /* Assets.xcassets */; };
		20F8D4542ABB5646006174F6 /* Preview Assets.xcassets in Resources */ = {isa = PBXBuildFile; fileRef = 20F8D4532ABB5646006174F6 /* Preview Assets.xcassets */; };
		20F8D45E2ABB5646006174F6 /* Quotes_iOSTests.swift in Sources */ = {isa = PBXBuildFile; fileRef = 20F8D45D2ABB5646006174F6 /* Quotes_iOSTests.swift */; };
		20F8D4682ABB5646006174F6 /* Quotes_iOSUITests.swift in Sources */ = {isa = PBXBuildFile; fileRef = 20F8D4672ABB5646006174F6 /* Quotes_iOSUITests.swift */; };
		20F8D46A2ABB5646006174F6 /* Quotes_iOSUITestsLaunchTests.swift in Sources */ = {isa = PBXBuildFile; fileRef = 20F8D4692ABB5646006174F6 /* Quotes_iOSUITestsLaunchTests.swift */; };
		20F8D4782ABB568E006174F6 /* PersonalDataModel.swift in Sources */ = {isa = PBXBuildFile; fileRef = 20F8D4772ABB568E006174F6 /* PersonalDataModel.swift */; };
		20F8D47B2ABB56F1006174F6 /* PersonalDataView.swift in Sources */ = {isa = PBXBuildFile; fileRef = 20F8D47A2ABB56F1006174F6 /* PersonalDataView.swift */; };
/* End PBXBuildFile section */

/* Begin PBXContainerItemProxy section */
		20F8D45A2ABB5646006174F6 /* PBXContainerItemProxy */ = {
			isa = PBXContainerItemProxy;
			containerPortal = 20F8D4412ABB5645006174F6 /* Project object */;
			proxyType = 1;
			remoteGlobalIDString = 20F8D4482ABB5645006174F6;
			remoteInfo = Quotes_iOS;
		};
		20F8D4642ABB5646006174F6 /* PBXContainerItemProxy */ = {
			isa = PBXContainerItemProxy;
			containerPortal = 20F8D4412ABB5645006174F6 /* Project object */;
			proxyType = 1;
			remoteGlobalIDString = 20F8D4482ABB5645006174F6;
			remoteInfo = Quotes_iOS;
		};
/* End PBXContainerItemProxy section */

/* Begin PBXFileReference section */
		20A238432ACFDE1E00CDB2AB /* CategoryElementsView.swift */ = {isa = PBXFileReference; lastKnownFileType = sourcecode.swift; path = CategoryElementsView.swift; sourceTree = "<group>"; };
		20BADEED2AD0010700E818C7 /* CategoryElementsModel.swift */ = {isa = PBXFileReference; lastKnownFileType = sourcecode.swift; path = CategoryElementsModel.swift; sourceTree = "<group>"; };
		20C6AA4F2ACE02800011DA8E /* QuoteModel.swift */ = {isa = PBXFileReference; lastKnownFileType = sourcecode.swift; path = QuoteModel.swift; sourceTree = "<group>"; };
		20C6AA512ACE031E0011DA8E /* QuoteMainCatalogView.swift */ = {isa = PBXFileReference; lastKnownFileType = sourcecode.swift; path = QuoteMainCatalogView.swift; sourceTree = "<group>"; };
		20F8D4492ABB5645006174F6 /* Quotes_iOS.app */ = {isa = PBXFileReference; explicitFileType = wrapper.application; includeInIndex = 0; path = Quotes_iOS.app; sourceTree = BUILT_PRODUCTS_DIR; };
		20F8D44C2ABB5645006174F6 /* Quotes_iOSApp.swift */ = {isa = PBXFileReference; lastKnownFileType = sourcecode.swift; path = Quotes_iOSApp.swift; sourceTree = "<group>"; };
		20F8D44E2ABB5645006174F6 /* ContentView.swift */ = {isa = PBXFileReference; lastKnownFileType = sourcecode.swift; path = ContentView.swift; sourceTree = "<group>"; };
		20F8D4502ABB5646006174F6 /* Assets.xcassets */ = {isa = PBXFileReference; lastKnownFileType = folder.assetcatalog; path = Assets.xcassets; sourceTree = "<group>"; };
		20F8D4532ABB5646006174F6 /* Preview Assets.xcassets */ = {isa = PBXFileReference; lastKnownFileType = folder.assetcatalog; path = "Preview Assets.xcassets"; sourceTree = "<group>"; };
		20F8D4592ABB5646006174F6 /* Quotes_iOSTests.xctest */ = {isa = PBXFileReference; explicitFileType = wrapper.cfbundle; includeInIndex = 0; path = Quotes_iOSTests.xctest; sourceTree = BUILT_PRODUCTS_DIR; };
		20F8D45D2ABB5646006174F6 /* Quotes_iOSTests.swift */ = {isa = PBXFileReference; lastKnownFileType = sourcecode.swift; path = Quotes_iOSTests.swift; sourceTree = "<group>"; };
		20F8D4632ABB5646006174F6 /* Quotes_iOSUITests.xctest */ = {isa = PBXFileReference; explicitFileType = wrapper.cfbundle; includeInIndex = 0; path = Quotes_iOSUITests.xctest; sourceTree = BUILT_PRODUCTS_DIR; };
		20F8D4672ABB5646006174F6 /* Quotes_iOSUITests.swift */ = {isa = PBXFileReference; lastKnownFileType = sourcecode.swift; path = Quotes_iOSUITests.swift; sourceTree = "<group>"; };
		20F8D4692ABB5646006174F6 /* Quotes_iOSUITestsLaunchTests.swift */ = {isa = PBXFileReference; lastKnownFileType = sourcecode.swift; path = Quotes_iOSUITestsLaunchTests.swift; sourceTree = "<group>"; };
		20F8D4772ABB568E006174F6 /* PersonalDataModel.swift */ = {isa = PBXFileReference; lastKnownFileType = sourcecode.swift; path = PersonalDataModel.swift; sourceTree = "<group>"; };
		20F8D47A2ABB56F1006174F6 /* PersonalDataView.swift */ = {isa = PBXFileReference; lastKnownFileType = sourcecode.swift; path = PersonalDataView.swift; sourceTree = "<group>"; };
/* End PBXFileReference section */

/* Begin PBXFrameworksBuildPhase section */
		20F8D4462ABB5645006174F6 /* Frameworks */ = {
			isa = PBXFrameworksBuildPhase;
			buildActionMask = 2147483647;
			files = (
			);
			runOnlyForDeploymentPostprocessing = 0;
		};
		20F8D4562ABB5646006174F6 /* Frameworks */ = {
			isa = PBXFrameworksBuildPhase;
			buildActionMask = 2147483647;
			files = (
			);
			runOnlyForDeploymentPostprocessing = 0;
		};
		20F8D4602ABB5646006174F6 /* Frameworks */ = {
			isa = PBXFrameworksBuildPhase;
			buildActionMask = 2147483647;
			files = (
			);
			runOnlyForDeploymentPostprocessing = 0;
		};
/* End PBXFrameworksBuildPhase section */

/* Begin PBXGroup section */
		20F8D4402ABB5645006174F6 = {
			isa = PBXGroup;
			children = (
				20F8D44B2ABB5645006174F6 /* Quotes_iOS */,
				20F8D45C2ABB5646006174F6 /* Quotes_iOSTests */,
				20F8D4662ABB5646006174F6 /* Quotes_iOSUITests */,
				20F8D44A2ABB5645006174F6 /* Products */,
			);
			sourceTree = "<group>";
		};
		20F8D44A2ABB5645006174F6 /* Products */ = {
			isa = PBXGroup;
			children = (
				20F8D4492ABB5645006174F6 /* Quotes_iOS.app */,
				20F8D4592ABB5646006174F6 /* Quotes_iOSTests.xctest */,
				20F8D4632ABB5646006174F6 /* Quotes_iOSUITests.xctest */,
			);
			name = Products;
			sourceTree = "<group>";
		};
		20F8D44B2ABB5645006174F6 /* Quotes_iOS */ = {
			isa = PBXGroup;
			children = (
				20F8D4792ABB56BA006174F6 /* View */,
				20F8D4762ABB5669006174F6 /* Model */,
				20F8D44C2ABB5645006174F6 /* Quotes_iOSApp.swift */,
				20F8D4502ABB5646006174F6 /* Assets.xcassets */,
				20F8D4522ABB5646006174F6 /* Preview Content */,
			);
			path = Quotes_iOS;
			sourceTree = "<group>";
		};
		20F8D4522ABB5646006174F6 /* Preview Content */ = {
			isa = PBXGroup;
			children = (
				20F8D4532ABB5646006174F6 /* Preview Assets.xcassets */,
			);
			path = "Preview Content";
			sourceTree = "<group>";
		};
		20F8D45C2ABB5646006174F6 /* Quotes_iOSTests */ = {
			isa = PBXGroup;
			children = (
				20F8D45D2ABB5646006174F6 /* Quotes_iOSTests.swift */,
			);
			path = Quotes_iOSTests;
			sourceTree = "<group>";
		};
		20F8D4662ABB5646006174F6 /* Quotes_iOSUITests */ = {
			isa = PBXGroup;
			children = (
				20F8D4672ABB5646006174F6 /* Quotes_iOSUITests.swift */,
				20F8D4692ABB5646006174F6 /* Quotes_iOSUITestsLaunchTests.swift */,
			);
			path = Quotes_iOSUITests;
			sourceTree = "<group>";
		};
		20F8D4762ABB5669006174F6 /* Model */ = {
			isa = PBXGroup;
			children = (
				20F8D4772ABB568E006174F6 /* PersonalDataModel.swift */,
				20C6AA4F2ACE02800011DA8E /* QuoteModel.swift */,
				20BADEED2AD0010700E818C7 /* CategoryElementsModel.swift */,
			);
			path = Model;
			sourceTree = "<group>";
		};
		20F8D4792ABB56BA006174F6 /* View */ = {
			isa = PBXGroup;
			children = (
				20F8D44E2ABB5645006174F6 /* ContentView.swift */,
				20F8D47A2ABB56F1006174F6 /* PersonalDataView.swift */,
				20C6AA512ACE031E0011DA8E /* QuoteMainCatalogView.swift */,
				20A238432ACFDE1E00CDB2AB /* CategoryElementsView.swift */,
			);
			path = View;
			sourceTree = "<group>";
		};
/* End PBXGroup section */

/* Begin PBXNativeTarget section */
		20F8D4482ABB5645006174F6 /* Quotes_iOS */ = {
			isa = PBXNativeTarget;
			buildConfigurationList = 20F8D46D2ABB5646006174F6 /* Build configuration list for PBXNativeTarget "Quotes_iOS" */;
			buildPhases = (
				20F8D4452ABB5645006174F6 /* Sources */,
				20F8D4462ABB5645006174F6 /* Frameworks */,
				20F8D4472ABB5645006174F6 /* Resources */,
			);
			buildRules = (
			);
			dependencies = (
			);
			name = Quotes_iOS;
			productName = Quotes_iOS;
			productReference = 20F8D4492ABB5645006174F6 /* Quotes_iOS.app */;
			productType = "com.apple.product-type.application";
		};
		20F8D4582ABB5646006174F6 /* Quotes_iOSTests */ = {
			isa = PBXNativeTarget;
			buildConfigurationList = 20F8D4702ABB5646006174F6 /* Build configuration list for PBXNativeTarget "Quotes_iOSTests" */;
			buildPhases = (
				20F8D4552ABB5646006174F6 /* Sources */,
				20F8D4562ABB5646006174F6 /* Frameworks */,
				20F8D4572ABB5646006174F6 /* Resources */,
			);
			buildRules = (
			);
			dependencies = (
				20F8D45B2ABB5646006174F6 /* PBXTargetDependency */,
			);
			name = Quotes_iOSTests;
			productName = Quotes_iOSTests;
			productReference = 20F8D4592ABB5646006174F6 /* Quotes_iOSTests.xctest */;
			productType = "com.apple.product-type.bundle.unit-test";
		};
		20F8D4622ABB5646006174F6 /* Quotes_iOSUITests */ = {
			isa = PBXNativeTarget;
			buildConfigurationList = 20F8D4732ABB5646006174F6 /* Build configuration list for PBXNativeTarget "Quotes_iOSUITests" */;
			buildPhases = (
				20F8D45F2ABB5646006174F6 /* Sources */,
				20F8D4602ABB5646006174F6 /* Frameworks */,
				20F8D4612ABB5646006174F6 /* Resources */,
			);
			buildRules = (
			);
			dependencies = (
				20F8D4652ABB5646006174F6 /* PBXTargetDependency */,
			);
			name = Quotes_iOSUITests;
			productName = Quotes_iOSUITests;
			productReference = 20F8D4632ABB5646006174F6 /* Quotes_iOSUITests.xctest */;
			productType = "com.apple.product-type.bundle.ui-testing";
		};
/* End PBXNativeTarget section */

/* Begin PBXProject section */
		20F8D4412ABB5645006174F6 /* Project object */ = {
			isa = PBXProject;
			attributes = {
				BuildIndependentTargetsInParallel = 1;
				LastSwiftUpdateCheck = 1430;
				LastUpgradeCheck = 1430;
				TargetAttributes = {
					20F8D4482ABB5645006174F6 = {
						CreatedOnToolsVersion = 14.3.1;
					};
					20F8D4582ABB5646006174F6 = {
						CreatedOnToolsVersion = 14.3.1;
						TestTargetID = 20F8D4482ABB5645006174F6;
					};
					20F8D4622ABB5646006174F6 = {
						CreatedOnToolsVersion = 14.3.1;
						TestTargetID = 20F8D4482ABB5645006174F6;
					};
				};
			};
			buildConfigurationList = 20F8D4442ABB5645006174F6 /* Build configuration list for PBXProject "Quotes_iOS" */;
			compatibilityVersion = "Xcode 14.0";
			developmentRegion = en;
			hasScannedForEncodings = 0;
			knownRegions = (
				en,
				Base,
			);
			mainGroup = 20F8D4402ABB5645006174F6;
			productRefGroup = 20F8D44A2ABB5645006174F6 /* Products */;
			projectDirPath = "";
			projectRoot = "";
			targets = (
				20F8D4482ABB5645006174F6 /* Quotes_iOS */,
				20F8D4582ABB5646006174F6 /* Quotes_iOSTests */,
				20F8D4622ABB5646006174F6 /* Quotes_iOSUITests */,
			);
		};
/* End PBXProject section */

/* Begin PBXResourcesBuildPhase section */
		20F8D4472ABB5645006174F6 /* Resources */ = {
			isa = PBXResourcesBuildPhase;
			buildActionMask = 2147483647;
			files = (
				20F8D4542ABB5646006174F6 /* Preview Assets.xcassets in Resources */,
				20F8D4512ABB5646006174F6 /* Assets.xcassets in Resources */,
			);
			runOnlyForDeploymentPostprocessing = 0;
		};
		20F8D4572ABB5646006174F6 /* Resources */ = {
			isa = PBXResourcesBuildPhase;
			buildActionMask = 2147483647;
			files = (
			);
			runOnlyForDeploymentPostprocessing = 0;
		};
		20F8D4612ABB5646006174F6 /* Resources */ = {
			isa = PBXResourcesBuildPhase;
			buildActionMask = 2147483647;
			files = (
			);
			runOnlyForDeploymentPostprocessing = 0;
		};
/* End PBXResourcesBuildPhase section */

/* Begin PBXSourcesBuildPhase section */
		20F8D4452ABB5645006174F6 /* Sources */ = {
			isa = PBXSourcesBuildPhase;
			buildActionMask = 2147483647;
			files = (
				20C6AA522ACE031E0011DA8E /* QuoteMainCatalogView.swift in Sources */,
				20A238442ACFDE1E00CDB2AB /* CategoryElementsView.swift in Sources */,
				20BADEEE2AD0010700E818C7 /* CategoryElementsModel.swift in Sources */,
				20C6AA502ACE02800011DA8E /* QuoteModel.swift in Sources */,
				20F8D44F2ABB5645006174F6 /* ContentView.swift in Sources */,
				20F8D44D2ABB5645006174F6 /* Quotes_iOSApp.swift in Sources */,
				20F8D47B2ABB56F1006174F6 /* PersonalDataView.swift in Sources */,
				20F8D4782ABB568E006174F6 /* PersonalDataModel.swift in Sources */,
			);
			runOnlyForDeploymentPostprocessing = 0;
		};
		20F8D4552ABB5646006174F6 /* Sources */ = {
			isa = PBXSourcesBuildPhase;
			buildActionMask = 2147483647;
			files = (
				20F8D45E2ABB5646006174F6 /* Quotes_iOSTests.swift in Sources */,
			);
			runOnlyForDeploymentPostprocessing = 0;
		};
		20F8D45F2ABB5646006174F6 /* Sources */ = {
			isa = PBXSourcesBuildPhase;
			buildActionMask = 2147483647;
			files = (
				20F8D4682ABB5646006174F6 /* Quotes_iOSUITests.swift in Sources */,
				20F8D46A2ABB5646006174F6 /* Quotes_iOSUITestsLaunchTests.swift in Sources */,
			);
			runOnlyForDeploymentPostprocessing = 0;
		};
/* End PBXSourcesBuildPhase section */

/* Begin PBXTargetDependency section */
		20F8D45B2ABB5646006174F6 /* PBXTargetDependency */ = {
			isa = PBXTargetDependency;
			target = 20F8D4482ABB5645006174F6 /* Quotes_iOS */;
			targetProxy = 20F8D45A2ABB5646006174F6 /* PBXContainerItemProxy */;
		};
		20F8D4652ABB5646006174F6 /* PBXTargetDependency */ = {
			isa = PBXTargetDependency;
			target = 20F8D4482ABB5645006174F6 /* Quotes_iOS */;
			targetProxy = 20F8D4642ABB5646006174F6 /* PBXContainerItemProxy */;
		};
/* End PBXTargetDependency section */

/* Begin XCBuildConfiguration section */
		20F8D46B2ABB5646006174F6 /* Debug */ = {
			isa = XCBuildConfiguration;
			buildSettings = {
				ALWAYS_SEARCH_USER_PATHS = NO;
				CLANG_ANALYZER_NONNULL = YES;
				CLANG_ANALYZER_NUMBER_OBJECT_CONVERSION = YES_AGGRESSIVE;
				CLANG_CXX_LANGUAGE_STANDARD = "gnu++20";
				CLANG_ENABLE_MODULES = YES;
				CLANG_ENABLE_OBJC_ARC = YES;
				CLANG_ENABLE_OBJC_WEAK = YES;
				CLANG_WARN_BLOCK_CAPTURE_AUTORELEASING = YES;
				CLANG_WARN_BOOL_CONVERSION = YES;
				CLANG_WARN_COMMA = YES;
				CLANG_WARN_CONSTANT_CONVERSION = YES;
				CLANG_WARN_DEPRECATED_OBJC_IMPLEMENTATIONS = YES;
				CLANG_WARN_DIRECT_OBJC_ISA_USAGE = YES_ERROR;
				CLANG_WARN_DOCUMENTATION_COMMENTS = YES;
				CLANG_WARN_EMPTY_BODY = YES;
				CLANG_WARN_ENUM_CONVERSION = YES;
				CLANG_WARN_INFINITE_RECURSION = YES;
				CLANG_WARN_INT_CONVERSION = YES;
				CLANG_WARN_NON_LITERAL_NULL_CONVERSION = YES;
				CLANG_WARN_OBJC_IMPLICIT_RETAIN_SELF = YES;
				CLANG_WARN_OBJC_LITERAL_CONVERSION = YES;
				CLANG_WARN_OBJC_ROOT_CLASS = YES_ERROR;
				CLANG_WARN_QUOTED_INCLUDE_IN_FRAMEWORK_HEADER = YES;
				CLANG_WARN_RANGE_LOOP_ANALYSIS = YES;
				CLANG_WARN_STRICT_PROTOTYPES = YES;
				CLANG_WARN_SUSPICIOUS_MOVE = YES;
				CLANG_WARN_UNGUARDED_AVAILABILITY = YES_AGGRESSIVE;
				CLANG_WARN_UNREACHABLE_CODE = YES;
				CLANG_WARN__DUPLICATE_METHOD_MATCH = YES;
				COPY_PHASE_STRIP = NO;
				DEBUG_INFORMATION_FORMAT = dwarf;
				ENABLE_STRICT_OBJC_MSGSEND = YES;
				ENABLE_TESTABILITY = YES;
				GCC_C_LANGUAGE_STANDARD = gnu11;
				GCC_DYNAMIC_NO_PIC = NO;
				GCC_NO_COMMON_BLOCKS = YES;
				GCC_OPTIMIZATION_LEVEL = 0;
				GCC_PREPROCESSOR_DEFINITIONS = (
					"DEBUG=1",
					"$(inherited)",
				);
				GCC_WARN_64_TO_32_BIT_CONVERSION = YES;
				GCC_WARN_ABOUT_RETURN_TYPE = YES_ERROR;
				GCC_WARN_UNDECLARED_SELECTOR = YES;
				GCC_WARN_UNINITIALIZED_AUTOS = YES_AGGRESSIVE;
				GCC_WARN_UNUSED_FUNCTION = YES;
				GCC_WARN_UNUSED_VARIABLE = YES;
				IPHONEOS_DEPLOYMENT_TARGET = 16.4;
				MTL_ENABLE_DEBUG_INFO = INCLUDE_SOURCE;
				MTL_FAST_MATH = YES;
				ONLY_ACTIVE_ARCH = YES;
				SDKROOT = iphoneos;
				SWIFT_ACTIVE_COMPILATION_CONDITIONS = DEBUG;
				SWIFT_OPTIMIZATION_LEVEL = "-Onone";
			};
			name = Debug;
		};
		20F8D46C2ABB5646006174F6 /* Release */ = {
			isa = XCBuildConfiguration;
			buildSettings = {
				ALWAYS_SEARCH_USER_PATHS = NO;
				CLANG_ANALYZER_NONNULL = YES;
				CLANG_ANALYZER_NUMBER_OBJECT_CONVERSION = YES_AGGRESSIVE;
				CLANG_CXX_LANGUAGE_STANDARD = "gnu++20";
				CLANG_ENABLE_MODULES = YES;
				CLANG_ENABLE_OBJC_ARC = YES;
				CLANG_ENABLE_OBJC_WEAK = YES;
				CLANG_WARN_BLOCK_CAPTURE_AUTORELEASING = YES;
				CLANG_WARN_BOOL_CONVERSION = YES;
				CLANG_WARN_COMMA = YES;
				CLANG_WARN_CONSTANT_CONVERSION = YES;
				CLANG_WARN_DEPRECATED_OBJC_IMPLEMENTATIONS = YES;
				CLANG_WARN_DIRECT_OBJC_ISA_USAGE = YES_ERROR;
				CLANG_WARN_DOCUMENTATION_COMMENTS = YES;
				CLANG_WARN_EMPTY_BODY = YES;
				CLANG_WARN_ENUM_CONVERSION = YES;
				CLANG_WARN_INFINITE_RECURSION = YES;
				CLANG_WARN_INT_CONVERSION = YES;
				CLANG_WARN_NON_LITERAL_NULL_CONVERSION = YES;
				CLANG_WARN_OBJC_IMPLICIT_RETAIN_SELF = YES;
				CLANG_WARN_OBJC_LITERAL_CONVERSION = YES;
				CLANG_WARN_OBJC_ROOT_CLASS = YES_ERROR;
				CLANG_WARN_QUOTED_INCLUDE_IN_FRAMEWORK_HEADER = YES;
				CLANG_WARN_RANGE_LOOP_ANALYSIS = YES;
				CLANG_WARN_STRICT_PROTOTYPES = YES;
				CLANG_WARN_SUSPICIOUS_MOVE = YES;
				CLANG_WARN_UNGUARDED_AVAILABILITY = YES_AGGRESSIVE;
				CLANG_WARN_UNREACHABLE_CODE = YES;
				CLANG_WARN__DUPLICATE_METHOD_MATCH = YES;
				COPY_PHASE_STRIP = NO;
				DEBUG_INFORMATION_FORMAT = "dwarf-with-dsym";
				ENABLE_NS_ASSERTIONS = NO;
				ENABLE_STRICT_OBJC_MSGSEND = YES;
				GCC_C_LANGUAGE_STANDARD = gnu11;
				GCC_NO_COMMON_BLOCKS = YES;
				GCC_WARN_64_TO_32_BIT_CONVERSION = YES;
				GCC_WARN_ABOUT_RETURN_TYPE = YES_ERROR;
				GCC_WARN_UNDECLARED_SELECTOR = YES;
				GCC_WARN_UNINITIALIZED_AUTOS = YES_AGGRESSIVE;
				GCC_WARN_UNUSED_FUNCTION = YES;
				GCC_WARN_UNUSED_VARIABLE = YES;
				IPHONEOS_DEPLOYMENT_TARGET = 16.4;
				MTL_ENABLE_DEBUG_INFO = NO;
				MTL_FAST_MATH = YES;
				SDKROOT = iphoneos;
				SWIFT_COMPILATION_MODE = wholemodule;
				SWIFT_OPTIMIZATION_LEVEL = "-O";
				VALIDATE_PRODUCT = YES;
			};
			name = Release;
		};
		20F8D46E2ABB5646006174F6 /* Debug */ = {
			isa = XCBuildConfiguration;
			buildSettings = {
				ASSETCATALOG_COMPILER_APPICON_NAME = AppIcon;
				ASSETCATALOG_COMPILER_GLOBAL_ACCENT_COLOR_NAME = AccentColor;
				CODE_SIGN_STYLE = Automatic;
				CURRENT_PROJECT_VERSION = 1;
				DEVELOPMENT_ASSET_PATHS = "\"Quotes_iOS/Preview Content\"";
				DEVELOPMENT_TEAM = 6LP5U8F7VW;
				ENABLE_PREVIEWS = YES;
				GENERATE_INFOPLIST_FILE = YES;
				INFOPLIST_KEY_UIApplicationSceneManifest_Generation = YES;
				INFOPLIST_KEY_UIApplicationSupportsIndirectInputEvents = YES;
				INFOPLIST_KEY_UILaunchScreen_Generation = YES;
				INFOPLIST_KEY_UISupportedInterfaceOrientations_iPad = "UIInterfaceOrientationPortrait UIInterfaceOrientationPortraitUpsideDown UIInterfaceOrientationLandscapeLeft UIInterfaceOrientationLandscapeRight";
				INFOPLIST_KEY_UISupportedInterfaceOrientations_iPhone = "UIInterfaceOrientationPortrait UIInterfaceOrientationLandscapeLeft UIInterfaceOrientationLandscapeRight";
				LD_RUNPATH_SEARCH_PATHS = (
					"$(inherited)",
					"@executable_path/Frameworks",
				);
				MARKETING_VERSION = 1.0;
				PRODUCT_BUNDLE_IDENTIFIER = "com.kingoapps.Quotes-iOS";
				PRODUCT_NAME = "$(TARGET_NAME)";
				SWIFT_EMIT_LOC_STRINGS = YES;
				SWIFT_VERSION = 5.0;
				TARGETED_DEVICE_FAMILY = "1,2";
			};
			name = Debug;
		};
		20F8D46F2ABB5646006174F6 /* Release */ = {
			isa = XCBuildConfiguration;
			buildSettings = {
				ASSETCATALOG_COMPILER_APPICON_NAME = AppIcon;
				ASSETCATALOG_COMPILER_GLOBAL_ACCENT_COLOR_NAME = AccentColor;
				CODE_SIGN_STYLE = Automatic;
				CURRENT_PROJECT_VERSION = 1;
				DEVELOPMENT_ASSET_PATHS = "\"Quotes_iOS/Preview Content\"";
				DEVELOPMENT_TEAM = 6LP5U8F7VW;
				ENABLE_PREVIEWS = YES;
				GENERATE_INFOPLIST_FILE = YES;
				INFOPLIST_KEY_UIApplicationSceneManifest_Generation = YES;
				INFOPLIST_KEY_UIApplicationSupportsIndirectInputEvents = YES;
				INFOPLIST_KEY_UILaunchScreen_Generation = YES;
				INFOPLIST_KEY_UISupportedInterfaceOrientations_iPad = "UIInterfaceOrientationPortrait UIInterfaceOrientationPortraitUpsideDown UIInterfaceOrientationLandscapeLeft UIInterfaceOrientationLandscapeRight";
				INFOPLIST_KEY_UISupportedInterfaceOrientations_iPhone = "UIInterfaceOrientationPortrait UIInterfaceOrientationLandscapeLeft UIInterfaceOrientationLandscapeRight";
				LD_RUNPATH_SEARCH_PATHS = (
					"$(inherited)",
					"@executable_path/Frameworks",
				);
				MARKETING_VERSION = 1.0;
				PRODUCT_BUNDLE_IDENTIFIER = "com.kingoapps.Quotes-iOS";
				PRODUCT_NAME = "$(TARGET_NAME)";
				SWIFT_EMIT_LOC_STRINGS = YES;
				SWIFT_VERSION = 5.0;
				TARGETED_DEVICE_FAMILY = "1,2";
			};
			name = Release;
		};
		20F8D4712ABB5646006174F6 /* Debug */ = {
			isa = XCBuildConfiguration;
			buildSettings = {
				ALWAYS_EMBED_SWIFT_STANDARD_LIBRARIES = YES;
				BUNDLE_LOADER = "$(TEST_HOST)";
				CODE_SIGN_STYLE = Automatic;
				CURRENT_PROJECT_VERSION = 1;
				DEVELOPMENT_TEAM = 6LP5U8F7VW;
				GENERATE_INFOPLIST_FILE = YES;
				IPHONEOS_DEPLOYMENT_TARGET = 16.4;
				MARKETING_VERSION = 1.0;
				PRODUCT_BUNDLE_IDENTIFIER = "com.kingoapps.Quotes-iOSTests";
				PRODUCT_NAME = "$(TARGET_NAME)";
				SWIFT_EMIT_LOC_STRINGS = NO;
				SWIFT_VERSION = 5.0;
				TARGETED_DEVICE_FAMILY = "1,2";
				TEST_HOST = "$(BUILT_PRODUCTS_DIR)/Quotes_iOS.app/$(BUNDLE_EXECUTABLE_FOLDER_PATH)/Quotes_iOS";
			};
			name = Debug;
		};
		20F8D4722ABB5646006174F6 /* Release */ = {
			isa = XCBuildConfiguration;
			buildSettings = {
				ALWAYS_EMBED_SWIFT_STANDARD_LIBRARIES = YES;
				BUNDLE_LOADER = "$(TEST_HOST)";
				CODE_SIGN_STYLE = Automatic;
				CURRENT_PROJECT_VERSION = 1;
				DEVELOPMENT_TEAM = 6LP5U8F7VW;
				GENERATE_INFOPLIST_FILE = YES;
				IPHONEOS_DEPLOYMENT_TARGET = 16.4;
				MARKETING_VERSION = 1.0;
				PRODUCT_BUNDLE_IDENTIFIER = "com.kingoapps.Quotes-iOSTests";
				PRODUCT_NAME = "$(TARGET_NAME)";
				SWIFT_EMIT_LOC_STRINGS = NO;
				SWIFT_VERSION = 5.0;
				TARGETED_DEVICE_FAMILY = "1,2";
				TEST_HOST = "$(BUILT_PRODUCTS_DIR)/Quotes_iOS.app/$(BUNDLE_EXECUTABLE_FOLDER_PATH)/Quotes_iOS";
			};
			name = Release;
		};
		20F8D4742ABB5646006174F6 /* Debug */ = {
			isa = XCBuildConfiguration;
			buildSettings = {
				ALWAYS_EMBED_SWIFT_STANDARD_LIBRARIES = YES;
				CODE_SIGN_STYLE = Automatic;
				CURRENT_PROJECT_VERSION = 1;
				DEVELOPMENT_TEAM = 6LP5U8F7VW;
				GENERATE_INFOPLIST_FILE = YES;
				MARKETING_VERSION = 1.0;
				PRODUCT_BUNDLE_IDENTIFIER = "com.kingoapps.Quotes-iOSUITests";
				PRODUCT_NAME = "$(TARGET_NAME)";
				SWIFT_EMIT_LOC_STRINGS = NO;
				SWIFT_VERSION = 5.0;
				TARGETED_DEVICE_FAMILY = "1,2";
				TEST_TARGET_NAME = Quotes_iOS;
			};
			name = Debug;
		};
		20F8D4752ABB5646006174F6 /* Release */ = {
			isa = XCBuildConfiguration;
			buildSettings = {
				ALWAYS_EMBED_SWIFT_STANDARD_LIBRARIES = YES;
				CODE_SIGN_STYLE = Automatic;
				CURRENT_PROJECT_VERSION = 1;
				DEVELOPMENT_TEAM = 6LP5U8F7VW;
				GENERATE_INFOPLIST_FILE = YES;
				MARKETING_VERSION = 1.0;
				PRODUCT_BUNDLE_IDENTIFIER = "com.kingoapps.Quotes-iOSUITests";
				PRODUCT_NAME = "$(TARGET_NAME)";
				SWIFT_EMIT_LOC_STRINGS = NO;
				SWIFT_VERSION = 5.0;
				TARGETED_DEVICE_FAMILY = "1,2";
				TEST_TARGET_NAME = Quotes_iOS;
			};
			name = Release;
		};
/* End XCBuildConfiguration section */

/* Begin XCConfigurationList section */
		20F8D4442ABB5645006174F6 /* Build configuration list for PBXProject "Quotes_iOS" */ = {
			isa = XCConfigurationList;
			buildConfigurations = (
				20F8D46B2ABB5646006174F6 /* Debug */,
				20F8D46C2ABB5646006174F6 /* Release */,
			);
			defaultConfigurationIsVisible = 0;
			defaultConfigurationName = Release;
		};
		20F8D46D2ABB5646006174F6 /* Build configuration list for PBXNativeTarget "Quotes_iOS" */ = {
			isa = XCConfigurationList;
			buildConfigurations = (
				20F8D46E2ABB5646006174F6 /* Debug */,
				20F8D46F2ABB5646006174F6 /* Release */,
			);
			defaultConfigurationIsVisible = 0;
			defaultConfigurationName = Release;
		};
		20F8D4702ABB5646006174F6 /* Build configuration list for PBXNativeTarget "Quotes_iOSTests" */ = {
			isa = XCConfigurationList;
			buildConfigurations = (
				20F8D4712ABB5646006174F6 /* Debug */,
				20F8D4722ABB5646006174F6 /* Release */,
			);
			defaultConfigurationIsVisible = 0;
			defaultConfigurationName = Release;
		};
		20F8D4732ABB5646006174F6 /* Build configuration list for PBXNativeTarget "Quotes_iOSUITests" */ = {
			isa = XCConfigurationList;
			buildConfigurations = (
				20F8D4742ABB5646006174F6 /* Debug */,
				20F8D4752ABB5646006174F6 /* Release */,
			);
			defaultConfigurationIsVisible = 0;
			defaultConfigurationName = Release;
		};
/* End XCConfigurationList section */
	};
	rootObject = 20F8D4412ABB5645006174F6 /* Project object */;
}
